
Microsoft Visual Studio Solution File, Format Version 12.00
# Visual Studio 2013
VisualStudioVersion = 12.0.31101.0
MinimumVisualStudioVersion = 10.0.40219.1
Project("{FAE04EC0-301F-11D3-BF4B-00C04F79EFBC}") = "NinjectTest", "NinjectTest\NinjectTest.csproj", "{494370B8-9771-4A70-AC6F-5658568339B6}"
EndProject
Project("{2150E333-8FDC-42A3-9474-1A3956D46DE8}") = ".nuget", ".nuget", "{FEAACEE6-E876-45BA-B6BB-A3C1570686D9}"
	ProjectSection(SolutionItems) = preProject
		.nuget\packages.config = .nuget\packages.config
	EndProjectSection
EndProject
Project("{FAE04EC0-301F-11D3-BF4B-00C04F79EFBC}") = "Portable", "Portable\Portable.csproj", "{82692921-9596-4BBA-BE1F-3828EEC57ED0}"
EndProject
Project("{FAE04EC0-301F-11D3-BF4B-00C04F79EFBC}") = "WebTest", "WebTest\WebTest.csproj", "{ADD49758-D2C0-43A2-A583-E3FF8C9340DD}"
EndProject
Global
	GlobalSection(SolutionConfigurationPlatforms) = preSolution
		Debug|Any CPU = Debug|Any CPU
		Release|Any CPU = Release|Any CPU
	EndGlobalSection
	GlobalSection(ProjectConfigurationPlatforms) = postSolution
		{494370B8-9771-4A70-AC6F-5658568339B6}.Debug|Any CPU.ActiveCfg = Debug|Any CPU
		{494370B8-9771-4A70-AC6F-5658568339B6}.Debug|Any CPU.Build.0 = Debug|Any CPU
		{494370B8-9771-4A70-AC6F-5658568339B6}.Release|Any CPU.ActiveCfg = Release|Any CPU
		{494370B8-9771-4A70-AC6F-5658568339B6}.Release|Any CPU.Build.0 = Release|Any CPU
		{82692921-9596-4BBA-BE1F-3828EEC57ED0}.Debug|Any CPU.ActiveCfg = Debug|Any CPU
		{82692921-9596-4BBA-BE1F-3828EEC57ED0}.Debug|Any CPU.Build.0 = Debug|Any CPU
		{82692921-9596-4BBA-BE1F-3828EEC57ED0}.Release|Any CPU.ActiveCfg = Release|Any CPU
		{82692921-9596-4BBA-BE1F-3828EEC57ED0}.Release|Any CPU.Build.0 = Release|Any CPU
		{ADD49758-D2C0-43A2-A583-E3FF8C9340DD}.Debug|Any CPU.ActiveCfg = Debug|Any CPU
		{ADD49758-D2C0-43A2-A583-E3FF8C9340DD}.Debug|Any CPU.Build.0 = Debug|Any CPU
		{ADD49758-D2C0-43A2-A583-E3FF8C9340DD}.Release|Any CPU.ActiveCfg = Release|Any CPU
		{ADD49758-D2C0-43A2-A583-E3FF8C9340DD}.Release|Any CPU.Build.0 = Release|Any CPU
	EndGlobalSection
	GlobalSection(SolutionProperties) = preSolution
		HideSolutionNode = FALSE
	EndGlobalSection
EndGlobal
